{
	"name": "airppt-models-plus",
	"version": "1.2.1",
	"lockfileVersion": 2,
	"requires": true,
	"packages": {
		"": {
			"name": "airppt-models-plus",
			"version": "1.2.1",
			"license": "MIT",
			"dependencies": {
				"@types/node": "^15.12.2",
				"xml2js-es6-promise": "^1.1.1"
			}
		},
		"node_modules/@types/node": {
			"version": "15.14.1",
			"resolved": "https://registry.npmjs.org/@types/node/-/node-15.14.1.tgz",
			"integrity": "sha512-wF6hazbsnwaW3GhK4jFuw5NaLDQVRQ6pWQUGAUrJzxixFkTaODSiAKMPXuHwPEPkAKQWHAzj6uJ5h+3zU9gQxg=="
		},
		"node_modules/sax": {
			"version": "1.2.4",
			"resolved": "https://registry.npmjs.org/sax/-/sax-1.2.4.tgz",
			"integrity": "sha512-NqVDv9TpANUjFm0N8uM5GxL36UgKi9/atZw+x7YFnQ8ckwFGKrl4xX4yWtrey3UJm5nP1kUbnYgLopqWNSRhWw=="
		},
		"node_modules/xml2js": {
			"version": "0.4.19",
			"resolved": "https://registry.npmjs.org/xml2js/-/xml2js-0.4.19.tgz",
			"integrity": "sha512-esZnJZJOiJR9wWKMyuvSE1y6Dq5LCuJanqhxslH2bxM6duahNZ+HMpCLhBQGZkbX6xRf8x1Y2eJlgt2q3qo49Q==",
			"dependencies": {
				"sax": "1.2.4",
				"xmlbuilder": "9.0.7"
			}
		},
		"node_modules/xml2js-es6-promise": {
			"version": "1.1.1",
			"resolved": "https://registry.npmjs.org/xml2js-es6-promise/-/xml2js-es6-promise-1.1.1.tgz",
			"integrity": "sha1-zVaI2dY0TmfJCPceWwo9iNEo6aI=",
			"dependencies": {
				"xml2js": "0.4.19"
			}
		},
		"node_modules/xmlbuilder": {
			"version": "9.0.7",
			"resolved": "http://registry.npmjs.org/xmlbuilder/-/xmlbuilder-9.0.7.tgz",
			"integrity": "sha1-Ey7mPS7FVlxVfiD0wi35rKaGsQ0=",
			"engines": {
				"node": ">=4.0"
			}
		}
	},
	"dependencies": {
		"@types/node": {
			"version": "15.14.1",
			"resolved": "https://registry.npmjs.org/@types/node/-/node-15.14.1.tgz",
			"integrity": "sha512-wF6hazbsnwaW3GhK4jFuw5NaLDQVRQ6pWQUGAUrJzxixFkTaODSiAKMPXuHwPEPkAKQWHAzj6uJ5h+3zU9gQxg=="
		},
		"sax": {
			"version": "1.2.4",
			"resolved": "https://registry.npmjs.org/sax/-/sax-1.2.4.tgz",
			"integrity": "sha512-NqVDv9TpANUjFm0N8uM5GxL36UgKi9/atZw+x7YFnQ8ckwFGKrl4xX4yWtrey3UJm5nP1kUbnYgLopqWNSRhWw=="
		},
		"xml2js": {
			"version": "0.4.19",
			"resolved": "https://registry.npmjs.org/xml2js/-/xml2js-0.4.19.tgz",
			"integrity": "sha512-esZnJZJOiJR9wWKMyuvSE1y6Dq5LCuJanqhxslH2bxM6duahNZ+HMpCLhBQGZkbX6xRf8x1Y2eJlgt2q3qo49Q==",
			"requires": {
				"sax": "1.2.4",
				"xmlbuilder": "9.0.7"
			}
		},
		"xml2js-es6-promise": {
			"version": "1.1.1",
			"resolved": "https://registry.npmjs.org/xml2js-es6-promise/-/xml2js-es6-promise-1.1.1.tgz",
			"integrity": "sha1-zVaI2dY0TmfJCPceWwo9iNEo6aI=",
			"requires": {
				"xml2js": "0.4.19"
			}
		},
		"xmlbuilder": {
			"version": "9.0.7",
			"resolved": "http://registry.npmjs.org/xmlbuilder/-/xmlbuilder-9.0.7.tgz",
			"integrity": "sha1-Ey7mPS7FVlxVfiD0wi35rKaGsQ0="
		}
	}
}
